
Microsoft Visual Studio Solution File, Format Version 12.00
# Visual Studio Version 17
VisualStudioVersion = 17.13.36105.23 d17.13
MinimumVisualStudioVersion = 10.0.40219.1
Project("{FAE04EC0-301F-11D3-BF4B-00C04F79EFBC}") = "WebApp", "WebApp\WebApp.csproj", "{2320BD93-4041-4032-BF2D-028A7E537672}"
EndProject
Global
	GlobalSection(SolutionConfigurationPlatforms) = preSolution
		Debug|Any CPU = Debug|Any CPU
		Release|Any CPU = Release|Any CPU
	EndGlobalSection
	GlobalSection(ProjectConfigurationPlatforms) = postSolution
		{2320BD93-4041-4032-BF2D-028A7E537672}.Debug|Any CPU.ActiveCfg = Debug|Any CPU
		{2320BD93-4041-4032-BF2D-028A7E537672}.Debug|Any CPU.Build.0 = Debug|Any CPU
		{2320BD93-4041-4032-BF2D-028A7E537672}.Release|Any CPU.ActiveCfg = Release|Any CPU
		{2320BD93-4041-4032-BF2D-028A7E537672}.Release|Any CPU.Build.0 = Release|Any CPU
	EndGlobalSection
	GlobalSection(SolutionProperties) = preSolution
		HideSolutionNode = FALSE
	EndGlobalSection
	GlobalSection(ExtensibilityGlobals) = postSolution
		SolutionGuid = {FA44419F-9827-42B8-9634-19A275169954}
	EndGlobalSection
EndGlobal
